
Microsoft Visual Studio Solution File, Format Version 12.00
# Visual Studio 15
Project("{FAE04EC0-301F-11D3-BF4B-00C04F79EFBC}") = "Assembly-CSharp", "Assembly-CSharp.csproj", "{BD801712-3B43-89FF-5E6F-CF40A344097A}"
EndProject
Project("{FAE04EC0-301F-11D3-BF4B-00C04F79EFBC}") = "Assembly-CSharp-Editor", "Assembly-CSharp-Editor.csproj", "{09D7FA08-C7AC-1C8D-ADCC-F06D7B1B0352}"
EndProject
Global
	GlobalSection(SolutionConfigurationPlatforms) = preSolution
		Debug|Any CPU = Debug|Any CPU
		Release|Any CPU = Release|Any CPU
	EndGlobalSection
	GlobalSection(ProjectConfigurationPlatforms) = postSolution
		{BD801712-3B43-89FF-5E6F-CF40A344097A}.Debug|Any CPU.ActiveCfg = Debug|Any CPU
		{BD801712-3B43-89FF-5E6F-CF40A344097A}.Debug|Any CPU.Build.0 = Debug|Any CPU
		{BD801712-3B43-89FF-5E6F-CF40A344097A}.Release|Any CPU.ActiveCfg = Release|Any CPU
		{BD801712-3B43-89FF-5E6F-CF40A344097A}.Release|Any CPU.Build.0 = Release|Any CPU
		{09D7FA08-C7AC-1C8D-ADCC-F06D7B1B0352}.Debug|Any CPU.ActiveCfg = Debug|Any CPU
		{09D7FA08-C7AC-1C8D-ADCC-F06D7B1B0352}.Debug|Any CPU.Build.0 = Debug|Any CPU
		{09D7FA08-C7AC-1C8D-ADCC-F06D7B1B0352}.Release|Any CPU.ActiveCfg = Release|Any CPU
		{09D7FA08-C7AC-1C8D-ADCC-F06D7B1B0352}.Release|Any CPU.Build.0 = Release|Any CPU
	EndGlobalSection
	GlobalSection(SolutionProperties) = preSolution
		HideSolutionNode = FALSE
	EndGlobalSection
EndGlobal
